
Microsoft Visual Studio Solution File, Format Version 12.00
# Visual Studio 15
VisualStudioVersion = 15.0.28307.168
MinimumVisualStudioVersion = 10.0.40219.1
Project("{FAE04EC0-301F-11D3-BF4B-00C04F79EFBC}") = "NetworkProgrammingConsoleApp", "NetworkProgrammingConsoleApp\NetworkProgrammingConsoleApp.csproj", "{5FE89736-87BF-4BE7-95A8-B522A925331F}"
EndProject
Project("{FAE04EC0-301F-11D3-BF4B-00C04F79EFBC}") = "WebClientConsoleApp", "WebClientConsoleApp\WebClientConsoleApp.csproj", "{C70670BC-7CC9-4E29-A02F-CEE51C062EE7}"
EndProject
Project("{FAE04EC0-301F-11D3-BF4B-00C04F79EFBC}") = "UPDChatConsoleApp", "UPDChatConsoleApp\UPDChatConsoleApp.csproj", "{3F38E38A-735B-41ED-8C91-E5F48B0532EB}"
EndProject
Project("{FAE04EC0-301F-11D3-BF4B-00C04F79EFBC}") = "UDPBroadcastConsoleApp", "UDPBroadcastConsoleApp\UDPBroadcastConsoleApp.csproj", "{49E90AC7-6A1B-4849-BC9E-A1599F74188B}"
EndProject
Project("{FAE04EC0-301F-11D3-BF4B-00C04F79EFBC}") = "UDPBroadcastWindowsFormsApp", "UDPBroadcastWindowsFormsApp\UDPBroadcastWindowsFormsApp.csproj", "{B6B48CA3-69A2-47AC-9D87-7839083D5AD9}"
EndProject
Project("{FAE04EC0-301F-11D3-BF4B-00C04F79EFBC}") = "YouTubeServerTCPConsoleApp", "ServerTCPConsoleApp\YouTubeServerTCPConsoleApp.csproj", "{353A4B60-E77F-4044-A5F6-3DC418B5DD1E}"
EndProject
Project("{FAE04EC0-301F-11D3-BF4B-00C04F79EFBC}") = "YouTubeClientTCPConsoleApp", "ClientTCPConsoleApp\YouTubeClientTCPConsoleApp.csproj", "{C5B5D6D2-BF13-4624-8D01-7FFC86C00749}"
EndProject
Project("{FAE04EC0-301F-11D3-BF4B-00C04F79EFBC}") = "YouTubeServerUDPConsoleApp", "YouTubeServerUDPConsoleApp\YouTubeServerUDPConsoleApp.csproj", "{E04656EE-A3A7-480E-B83E-587B816CCA28}"
EndProject
Project("{FAE04EC0-301F-11D3-BF4B-00C04F79EFBC}") = "YouTubeClientUDPConsoleAppConsoleApp", "YouTubeClientUDPConsoleAppConsoleApp\YouTubeClientUDPConsoleAppConsoleApp.csproj", "{0229EA22-CB7A-4C1F-A732-529BDBBAC396}"
EndProject
Global
	GlobalSection(SolutionConfigurationPlatforms) = preSolution
		Debug|Any CPU = Debug|Any CPU
		Release|Any CPU = Release|Any CPU
	EndGlobalSection
	GlobalSection(ProjectConfigurationPlatforms) = postSolution
		{5FE89736-87BF-4BE7-95A8-B522A925331F}.Debug|Any CPU.ActiveCfg = Debug|Any CPU
		{5FE89736-87BF-4BE7-95A8-B522A925331F}.Debug|Any CPU.Build.0 = Debug|Any CPU
		{5FE89736-87BF-4BE7-95A8-B522A925331F}.Release|Any CPU.ActiveCfg = Release|Any CPU
		{5FE89736-87BF-4BE7-95A8-B522A925331F}.Release|Any CPU.Build.0 = Release|Any CPU
		{C70670BC-7CC9-4E29-A02F-CEE51C062EE7}.Debug|Any CPU.ActiveCfg = Debug|Any CPU
		{C70670BC-7CC9-4E29-A02F-CEE51C062EE7}.Debug|Any CPU.Build.0 = Debug|Any CPU
		{C70670BC-7CC9-4E29-A02F-CEE51C062EE7}.Release|Any CPU.ActiveCfg = Release|Any CPU
		{C70670BC-7CC9-4E29-A02F-CEE51C062EE7}.Release|Any CPU.Build.0 = Release|Any CPU
		{3F38E38A-735B-41ED-8C91-E5F48B0532EB}.Debug|Any CPU.ActiveCfg = Debug|Any CPU
		{3F38E38A-735B-41ED-8C91-E5F48B0532EB}.Debug|Any CPU.Build.0 = Debug|Any CPU
		{3F38E38A-735B-41ED-8C91-E5F48B0532EB}.Release|Any CPU.ActiveCfg = Release|Any CPU
		{3F38E38A-735B-41ED-8C91-E5F48B0532EB}.Release|Any CPU.Build.0 = Release|Any CPU
		{49E90AC7-6A1B-4849-BC9E-A1599F74188B}.Debug|Any CPU.ActiveCfg = Debug|Any CPU
		{49E90AC7-6A1B-4849-BC9E-A1599F74188B}.Debug|Any CPU.Build.0 = Debug|Any CPU
		{49E90AC7-6A1B-4849-BC9E-A1599F74188B}.Release|Any CPU.ActiveCfg = Release|Any CPU
		{49E90AC7-6A1B-4849-BC9E-A1599F74188B}.Release|Any CPU.Build.0 = Release|Any CPU
		{B6B48CA3-69A2-47AC-9D87-7839083D5AD9}.Debug|Any CPU.ActiveCfg = Debug|Any CPU
		{B6B48CA3-69A2-47AC-9D87-7839083D5AD9}.Debug|Any CPU.Build.0 = Debug|Any CPU
		{B6B48CA3-69A2-47AC-9D87-7839083D5AD9}.Release|Any CPU.ActiveCfg = Release|Any CPU
		{B6B48CA3-69A2-47AC-9D87-7839083D5AD9}.Release|Any CPU.Build.0 = Release|Any CPU
		{353A4B60-E77F-4044-A5F6-3DC418B5DD1E}.Debug|Any CPU.ActiveCfg = Debug|Any CPU
		{353A4B60-E77F-4044-A5F6-3DC418B5DD1E}.Debug|Any CPU.Build.0 = Debug|Any CPU
		{353A4B60-E77F-4044-A5F6-3DC418B5DD1E}.Release|Any CPU.ActiveCfg = Release|Any CPU
		{353A4B60-E77F-4044-A5F6-3DC418B5DD1E}.Release|Any CPU.Build.0 = Release|Any CPU
		{C5B5D6D2-BF13-4624-8D01-7FFC86C00749}.Debug|Any CPU.ActiveCfg = Debug|Any CPU
		{C5B5D6D2-BF13-4624-8D01-7FFC86C00749}.Debug|Any CPU.Build.0 = Debug|Any CPU
		{C5B5D6D2-BF13-4624-8D01-7FFC86C00749}.Release|Any CPU.ActiveCfg = Release|Any CPU
		{C5B5D6D2-BF13-4624-8D01-7FFC86C00749}.Release|Any CPU.Build.0 = Release|Any CPU
		{E04656EE-A3A7-480E-B83E-587B816CCA28}.Debug|Any CPU.ActiveCfg = Debug|Any CPU
		{E04656EE-A3A7-480E-B83E-587B816CCA28}.Debug|Any CPU.Build.0 = Debug|Any CPU
		{E04656EE-A3A7-480E-B83E-587B816CCA28}.Release|Any CPU.ActiveCfg = Release|Any CPU
		{E04656EE-A3A7-480E-B83E-587B816CCA28}.Release|Any CPU.Build.0 = Release|Any CPU
		{0229EA22-CB7A-4C1F-A732-529BDBBAC396}.Debug|Any CPU.ActiveCfg = Debug|Any CPU
		{0229EA22-CB7A-4C1F-A732-529BDBBAC396}.Debug|Any CPU.Build.0 = Debug|Any CPU
		{0229EA22-CB7A-4C1F-A732-529BDBBAC396}.Release|Any CPU.ActiveCfg = Release|Any CPU
		{0229EA22-CB7A-4C1F-A732-529BDBBAC396}.Release|Any CPU.Build.0 = Release|Any CPU
	EndGlobalSection
	GlobalSection(SolutionProperties) = preSolution
		HideSolutionNode = FALSE
	EndGlobalSection
	GlobalSection(ExtensibilityGlobals) = postSolution
		SolutionGuid = {4683CCBF-F3CD-433D-BD3C-0355C9E9D94F}
	EndGlobalSection
EndGlobal
